
Microsoft Visual Studio Solution File, Format Version 12.00
# Visual Studio Version 16
VisualStudioVersion = 16.0.29613.14
MinimumVisualStudioVersion = 10.0.40219.1
Project("{FAE04EC0-301F-11D3-BF4B-00C04F79EFBC}") = "MarsRover.Navigate", "MarsRover.Navigate\MarsRover.Navigate.csproj", "{E98E2978-55D4-436E-85F1-8FCA4C011CED}"
EndProject
Project("{2150E333-8FDC-42A3-9474-1A3956D46DE8}") = "src", "src", "{D276C48F-85A6-40C8-826F-3B831CF07BD9}"
EndProject
Project("{FAE04EC0-301F-11D3-BF4B-00C04F79EFBC}") = "MarsRover.Navigate.Test", "MarsRover.Navigation.Test\MarsRover.Navigate.Test.csproj", "{EDBE3AF0-1FBE-409C-8E29-E6996729E374}"
EndProject
Global
	GlobalSection(SolutionConfigurationPlatforms) = preSolution
		Debug|Any CPU = Debug|Any CPU
		Release|Any CPU = Release|Any CPU
	EndGlobalSection
	GlobalSection(ProjectConfigurationPlatforms) = postSolution
		{E98E2978-55D4-436E-85F1-8FCA4C011CED}.Debug|Any CPU.ActiveCfg = Debug|Any CPU
		{E98E2978-55D4-436E-85F1-8FCA4C011CED}.Debug|Any CPU.Build.0 = Debug|Any CPU
		{E98E2978-55D4-436E-85F1-8FCA4C011CED}.Release|Any CPU.ActiveCfg = Release|Any CPU
		{E98E2978-55D4-436E-85F1-8FCA4C011CED}.Release|Any CPU.Build.0 = Release|Any CPU
		{EDBE3AF0-1FBE-409C-8E29-E6996729E374}.Debug|Any CPU.ActiveCfg = Debug|Any CPU
		{EDBE3AF0-1FBE-409C-8E29-E6996729E374}.Debug|Any CPU.Build.0 = Debug|Any CPU
		{EDBE3AF0-1FBE-409C-8E29-E6996729E374}.Release|Any CPU.ActiveCfg = Release|Any CPU
		{EDBE3AF0-1FBE-409C-8E29-E6996729E374}.Release|Any CPU.Build.0 = Release|Any CPU
	EndGlobalSection
	GlobalSection(SolutionProperties) = preSolution
		HideSolutionNode = FALSE
	EndGlobalSection
	GlobalSection(NestedProjects) = preSolution
		{E98E2978-55D4-436E-85F1-8FCA4C011CED} = {D276C48F-85A6-40C8-826F-3B831CF07BD9}
		{EDBE3AF0-1FBE-409C-8E29-E6996729E374} = {D276C48F-85A6-40C8-826F-3B831CF07BD9}
	EndGlobalSection
	GlobalSection(ExtensibilityGlobals) = postSolution
		SolutionGuid = {D389D01C-93AC-4E4A-B71C-8FD2856F137D}
	EndGlobalSection
EndGlobal
